
Microsoft Visual Studio Solution File, Format Version 12.00
# Visual Studio 2012
Project("{FAE04EC0-301F-11D3-BF4B-00C04F79EFBC}") = "WindowsFormsApplication5", "WindowsFormsApplication5\WindowsFormsApplication5.csproj", "{3AF14646-D5CA-465B-BF17-5DB5C7D86879}"
EndProject
Global
	GlobalSection(SolutionConfigurationPlatforms) = preSolution
		Debug|Any CPU = Debug|Any CPU
		Release|Any CPU = Release|Any CPU
	EndGlobalSection
	GlobalSection(ProjectConfigurationPlatforms) = postSolution
		{3AF14646-D5CA-465B-BF17-5DB5C7D86879}.Debug|Any CPU.ActiveCfg = Debug|Any CPU
		{3AF14646-D5CA-465B-BF17-5DB5C7D86879}.Debug|Any CPU.Build.0 = Debug|Any CPU
		{3AF14646-D5CA-465B-BF17-5DB5C7D86879}.Release|Any CPU.ActiveCfg = Release|Any CPU
		{3AF14646-D5CA-465B-BF17-5DB5C7D86879}.Release|Any CPU.Build.0 = Release|Any CPU
	EndGlobalSection
	GlobalSection(SolutionProperties) = preSolution
		HideSolutionNode = FALSE
	EndGlobalSection
EndGlobal
